
Microsoft Visual Studio Solution File, Format Version 12.00
# Visual Studio Version 17
VisualStudioVersion = 17.14.36221.1
MinimumVisualStudioVersion = 10.0.40219.1
Project("{FAE04EC0-301F-11D3-BF4B-00C04F79EFBC}") = "WebApiCSVParser", "WebApiCSVParser\WebApiCSVParser.csproj", "{99FB6C03-1927-4A58-A94B-8E4BF8575DF6}"
EndProject
Global
	GlobalSection(SolutionConfigurationPlatforms) = preSolution
		Debug|Any CPU = Debug|Any CPU
		Release|Any CPU = Release|Any CPU
	EndGlobalSection
	GlobalSection(ProjectConfigurationPlatforms) = postSolution
		{99FB6C03-1927-4A58-A94B-8E4BF8575DF6}.Debug|Any CPU.ActiveCfg = Debug|Any CPU
		{99FB6C03-1927-4A58-A94B-8E4BF8575DF6}.Debug|Any CPU.Build.0 = Debug|Any CPU
		{99FB6C03-1927-4A58-A94B-8E4BF8575DF6}.Release|Any CPU.ActiveCfg = Release|Any CPU
		{99FB6C03-1927-4A58-A94B-8E4BF8575DF6}.Release|Any CPU.Build.0 = Release|Any CPU
	EndGlobalSection
	GlobalSection(SolutionProperties) = preSolution
		HideSolutionNode = FALSE
	EndGlobalSection
	GlobalSection(ExtensibilityGlobals) = postSolution
		SolutionGuid = {6EA4AB96-793A-4B9F-8C73-F27AC6EB5587}
	EndGlobalSection
EndGlobal
